
Microsoft Visual Studio Solution File, Format Version 12.00
# Visual Studio Version 16
VisualStudioVersion = 25.0.1704.3
MinimumVisualStudioVersion = 10.0.40219.1
Project("{FAE04EC0-301F-11D3-BF4B-00C04F79EFBC}") = "ConsoleAgenda", "ConsoleAgenda\ConsoleAgenda.csproj", "{385A0BEA-9915-4C67-8D6B-1E5024B2A41D}"
EndProject
Global
	GlobalSection(SolutionConfigurationPlatforms) = preSolution
		Debug|Any CPU = Debug|Any CPU
		Release|Any CPU = Release|Any CPU
	EndGlobalSection
	GlobalSection(ProjectConfigurationPlatforms) = postSolution
		{385A0BEA-9915-4C67-8D6B-1E5024B2A41D}.Debug|Any CPU.ActiveCfg = Debug|Any CPU
		{385A0BEA-9915-4C67-8D6B-1E5024B2A41D}.Debug|Any CPU.Build.0 = Debug|Any CPU
		{385A0BEA-9915-4C67-8D6B-1E5024B2A41D}.Release|Any CPU.ActiveCfg = Release|Any CPU
		{385A0BEA-9915-4C67-8D6B-1E5024B2A41D}.Release|Any CPU.Build.0 = Release|Any CPU
	EndGlobalSection
	GlobalSection(SolutionProperties) = preSolution
		HideSolutionNode = FALSE
	EndGlobalSection
	GlobalSection(ExtensibilityGlobals) = postSolution
		SolutionGuid = {F5DA1ACC-5B19-4920-9C4F-543817C59CF5}
	EndGlobalSection
EndGlobal
